[[package]]
category = "main"
description = "Disable App Nap on OS X 10.9"
marker = "python_version >= \"3.3\" and sys_platform == \"darwin\""
name = "appnope"
optional = false
python-versions = "*"
version = "0.1.0"

[[package]]
category = "main"
description = "Specifications for callback functions passed in to an API"
marker = "python_version >= \"3.3\""
name = "backcall"
optional = false
python-versions = "*"
version = "0.1.0"

[[package]]
category = "main"
description = "Cross-platform colored terminal text."
marker = "python_version >= \"3.3\" and sys_platform == \"win32\""
name = "colorama"
optional = false
python-versions = ">=2.7, !=3.0.*, !=3.1.*, !=3.2.*, !=3.3.*"
version = "0.4.0"

[[package]]
category = "main"
description = "Better living through Python with decorators"
marker = "python_version >= \"3.3\""
name = "decorator"
optional = false
python-versions = "*"
version = "4.3.0"

[[package]]
category = "main"
description = "A high-level Python Web framework that encourages rapid development and clean, pragmatic design."
name = "django"
optional = false
python-versions = ">=3.5"
version = "2.1.2"

[package.dependencies]
pytz = "*"

[[package]]
category = "main"
description = "IPython-enabled pdb"
name = "ipdb"
optional = false
python-versions = ">=2.7"
version = "0.11"

[package.dependencies]
setuptools = "*"

[package.dependencies.ipython]
python = ">=3.3"
version = ">=5.0.0"

[[package]]
category = "main"
description = "IPython: Productive Interactive Computing"
marker = "python_version >= \"3.3\""
name = "ipython"
optional = false
python-versions = ">=3.5"
version = "7.0.1"

[package.dependencies]
appnope = "*"
backcall = "*"
colorama = "*"
decorator = "*"
jedi = ">=0.10"
pexpect = "*"
pickleshare = "*"
prompt-toolkit = ">=2.0.0,<2.1.0"
pygments = "*"
setuptools = ">=18.5"
simplegeneric = ">0.8"
traitlets = ">=4.2"

[[package]]
category = "main"
description = "Vestigial utilities from IPython"
marker = "python_version >= \"3.3\""
name = "ipython-genutils"
optional = false
python-versions = "*"
version = "0.2.0"

[[package]]
category = "main"
description = "An autocompletion tool for Python that can be used for text editors."
marker = "python_version >= \"3.3\""
name = "jedi"
optional = false
python-versions = ">=2.7, !=3.0.*, !=3.1.*, !=3.2.*, !=3.3.*"
version = "0.13.1"

[package.dependencies]
parso = ">=0.3.0"

[[package]]
category = "main"
description = "A Python Parser"
marker = "python_version >= \"3.3\""
name = "parso"
optional = false
python-versions = "*"
version = "0.3.1"

[[package]]
category = "main"
description = "Python datetimes made easy"
name = "pendulum"
optional = false
python-versions = ">=2.7, !=3.0.*, !=3.1.*, !=3.2.*, !=3.3.*"
version = "2.0.3"

[package.dependencies]
python-dateutil = ">=2.6,<3.0"
pytzdata = ">=2018.3"

[[package]]
category = "main"
description = "Pexpect allows easy control of interactive console applications."
marker = "python_version >= \"3.3\" and sys_platform != \"win32\""
name = "pexpect"
optional = false
python-versions = "*"
version = "4.6.0"

[package.dependencies]
ptyprocess = ">=0.5"

[[package]]
category = "main"
description = "Tiny 'shelve'-like database with concurrency support"
marker = "python_version >= \"3.3\""
name = "pickleshare"
optional = false
python-versions = "*"
version = "0.7.5"

[[package]]
category = "main"
description = "Library for building powerful interactive command lines in Python"
marker = "python_version >= \"3.3\""
name = "prompt-toolkit"
optional = false
python-versions = "*"
version = "2.0.6"

[package.dependencies]
six = ">=1.9.0"
wcwidth = "*"

[[package]]
category = "main"
description = "Run a subprocess in a pseudo terminal"
marker = "python_version >= \"3.3\" and sys_platform != \"win32\""
name = "ptyprocess"
optional = false
python-versions = "*"
version = "0.6.0"

[[package]]
category = "main"
description = "Pygments is a syntax highlighting package written in Python."
marker = "python_version >= \"3.3\""
name = "pygments"
optional = false
python-versions = "*"
version = "2.2.0"

[[package]]
category = "main"
description = "Extensions to the standard Python datetime module"
name = "python-dateutil"
optional = false
python-versions = ">=2.7, !=3.0.*, !=3.1.*, !=3.2.*"
version = "2.7.3"

[package.dependencies]
six = ">=1.5"

[[package]]
category = "main"
description = "World timezone definitions, modern and historical"
name = "pytz"
optional = false
python-versions = "*"
version = "2018.5"

[[package]]
category = "main"
description = "Official timezone database for Python."
name = "pytzdata"
optional = false
python-versions = ">=2.7, !=3.0.*, !=3.1.*, !=3.2.*, !=3.3.*"
version = "2018.5"

[[package]]
category = "main"
description = "Simple generic functions (similar to Python's own len(), pickle.dump(), etc.)"
marker = "python_version >= \"3.3\""
name = "simplegeneric"
optional = false
python-versions = "*"
version = "0.8.1"

[[package]]
category = "main"
description = "Python 2 and 3 compatibility utilities"
name = "six"
optional = false
python-versions = "*"
version = "1.11.0"

[[package]]
category = "main"
description = "Traitlets Python config system"
marker = "python_version >= \"3.3\""
name = "traitlets"
optional = false
python-versions = "*"
version = "4.3.2"

[package.dependencies]
decorator = "*"
ipython-genutils = "*"
six = "*"

[[package]]
category = "main"
description = "Measures number of Terminal column cells of wide-character codes"
marker = "python_version >= \"3.3\""
name = "wcwidth"
optional = false
python-versions = "*"
version = "0.1.7"

[metadata]
content-hash = "9c292697b04e64d838dcc18620832e83d8b9cd5f3c30e94a74623fadcb5d1d9f"
python-versions = "3.7"

[metadata.hashes]
appnope = ["5b26757dc6f79a3b7dc9fab95359328d5747fcb2409d331ea66d0272b90ab2a0", "8b995ffe925347a2138d7ac0fe77155e4311a0ea6d6da4f5128fe4b3cbe5ed71"]
backcall = ["38ecd85be2c1e78f77fd91700c76e14667dc21e2713b63876c0eb901196e01e4", "bbbf4b1e5cd2bdb08f915895b51081c041bac22394fdfcfdfbe9f14b77c08bf2"]
colorama = ["a3d89af5db9e9806a779a50296b5fdb466e281147c2c235e8225ecc6dbf7bbf3", "c9b54bebe91a6a803e0772c8561d53f2926bfeb17cd141fbabcb08424086595c"]
decorator = ["2c51dff8ef3c447388fe5e4453d24a2bf128d3a4c32af3fabef1f01c6851ab82", "c39efa13fbdeb4506c476c9b3babf6a718da943dab7811c206005a4a956c080c"]
django = ["acdcc1f61fdb0a0c82a1d3bf1879a414e7732ea894a7632af7f6d66ec7ab5bb3", "efbcad7ebb47daafbcead109b38a5bd519a3c3cd92c6ed0f691ff97fcdd16b45"]
ipdb = ["7081c65ed7bfe7737f83fa4213ca8afd9617b42ff6b3f1daf9a3419839a2a00a"]
ipython = ["47b17ea874454a5c2eacc2732b04a750d260b01ba479323155ac8a39031f5535", "9fed506c3772c875a3048bc134a25e6f5e997b1569b2636f6a5d891f34cbfd46"]
ipython-genutils = ["72dd37233799e619666c9f639a9da83c34013a73e8bbc79a7a6348d93c61fab8", "eb2e116e75ecef9d4d228fdc66af54269afa26ab4463042e33785b887c628ba8"]
jedi = ["0191c447165f798e6a730285f2eee783fff81b0d3df261945ecb80983b5c3ca7", "b7493f73a2febe0dc33d51c99b474547f7f6c0b2c8fb2b21f453eef204c12148"]
parso = ["35704a43a3c113cce4de228ddb39aab374b8004f4f2407d070b6a2ca784ce8a2", "895c63e93b94ac1e1690f5fdd40b65f07c8171e3e53cbd7793b5b96c0e0a7f24"]
pendulum = ["0ec5371949e147753661e1e98721273170638034dfceb578f29d69d93d3d474b", "10ccdc8c6d004ba97883dd0f57503963ddf6cb83e849a16c4675ba18da657564", "37bb54bcbb9d7fccd725f3fda69702e51ab3de9971b4c1c986505fbb3bc58bed", "51803352e40778f914ff7af3494788b404260b415d9a9d607a8cf73e5e120994", "5de295ca85761d9adf4020e6f3bed6eb933846ccf23b74e04b071f6d677f11a4", "73f850265adcf0986fcc0af83ae9c8c5a7ca3c4a2525184110478a8bfd1a77b3", "8fe289356322f6b0f4510082b4c412a1496a64054a37ae86b24411868a1901c6", "c0401482dfa9fbd7005f2dfbf54ec61fd2c8130df37651ac2a3722d1f049ae4e", "c358ee65ddb99c2b1bf301458e43ed09ff6d40465bcc9928265246912fad4d0f", "d07962450e808556b3e6209a5830e2bbf8c7747129580c3b5b09e641f72617ab", "dc05e6186c9c3b9969326aded9cba7a796744918581b25457f5148a5e3475d55", "ee9466eea403e8e308c284d3055e285b97905a5ffb1566df0ef200b4f39c0f15", "f7fa6220251a636112721e8158b9dd59018d818ec121047900934d80864eca62"]
pexpect = ["2a8e88259839571d1251d278476f3eec5db26deb73a70be5ed5dc5435e418aba", "3fbd41d4caf27fa4a377bfd16fef87271099463e6fa73e92a52f92dfee5d425b"]
pickleshare = ["87683d47965c1da65cdacaf31c8441d12b8044cdec9aca500cd78fc2c683afca", "9649af414d74d4df115d5d718f82acb59c9d418196b7b4290ed47a12ce62df56"]
prompt-toolkit = ["646b3401b3b0bb7752100bc9b7aeecb36cb09cdfc63652b5856708b5ba8db7da", "82766ffd7397e6661465e20bd1390db0781ca4fbbab4cf6c2578cacdd8b09754", "ccad8461b5d912782726af17122113e196085e7e11d57cf0c9b982bf1ab2c7be"]
ptyprocess = ["923f299cc5ad920c68f2bc0bc98b75b9f838b93b599941a6b63ddbc2476394c0", "d7cc528d76e76342423ca640335bd3633420dc1366f258cb31d05e865ef5ca1f"]
pygments = ["78f3f434bcc5d6ee09020f92ba487f95ba50f1e3ef83ae96b9d5ffa1bab25c5d", "dbae1046def0efb574852fab9e90209b23f556367b5a320c0bcb871c77c3e8cc"]
python-dateutil = ["1adb80e7a782c12e52ef9a8182bebeb73f1d7e24e374397af06fb4956c8dc5c0", "e27001de32f627c22380a688bcc43ce83504a7bc5da472209b4c70f02829f0b8"]
pytz = ["a061aa0a9e06881eb8b3b2b43f05b9439d6583c206d0a6c340ff72a7b6669053", "ffb9ef1de172603304d9d2819af6f5ece76f2e85ec10692a524dd876e72bf277"]
pytzdata = ["1d936da41ee06216d89fdc7ead1ee9a5da2811a8787515a976b646e110c3f622", "e4ef42e82b0b493c5849eed98b5ab49d6767caf982127e9a33167f1153b36cc5"]
simplegeneric = ["dc972e06094b9af5b855b3df4a646395e43d1c9d0d39ed345b7393560d0b9173"]
six = ["70e8a77beed4562e7f14fe23a786b54f6296e34344c23bc42f07b15018ff98e9", "832dc0e10feb1aa2c68dcc57dbb658f1c7e65b9b61af69048abc87a2db00a0eb"]
traitlets = ["9c4bd2d267b7153df9152698efb1050a5d84982d3384a37b2c1f7723ba3e7835", "c6cb5e6f57c5a9bdaa40fa71ce7b4af30298fbab9ece9815b5d995ab6217c7d9"]
wcwidth = ["3df37372226d6e63e1b1e1eda15c594bca98a22d33a23832a90998faa96bc65e", "f4ebe71925af7b40a864553f761ed559b43544f8f71746c2d756c7fe788ade7c"]
